// !$*UTF8*$!
{
	archiveVersion = 1;
	classes = {
	};
	objectVersion = 56;
	objects = {

/* Begin PBXBuildFile section */
		EE0CED74299A8497000BB6C0 /* XCTest+MemoryLeakTracking.swift in Sources */ = {isa = PBXBuildFile; fileRef = EE35CBBD297ED14500FD7225 /* XCTest+MemoryLeakTracking.swift */; };
		EEA7C4DE29969682001F6666 /* EssentialFeedAPIEndToEndTests.swift in Sources */ = {isa = PBXBuildFile; fileRef = EE2E47B429895CD60032D169 /* EssentialFeedAPIEndToEndTests.swift */; };
		EEC0B06529932798002EE347 /* EssentialFeed.docc in Sources */ = {isa = PBXBuildFile; fileRef = EEC0B06429932798002EE347 /* EssentialFeed.docc */; };
		EEC0B06B29932798002EE347 /* EssentialFeed.framework in Frameworks */ = {isa = PBXBuildFile; fileRef = EEC0B06129932798002EE347 /* EssentialFeed.framework */; };
		EEC0B07229932798002EE347 /* EssentialFeedTests.swift in Sources */ = {isa = PBXBuildFile; fileRef = EEC0B07129932798002EE347 /* EssentialFeedTests.swift */; };
		EEE5CC8A2993290000C21C52 /* RemoteFeedLoader.swift in Sources */ = {isa = PBXBuildFile; fileRef = EE2C06C72952104B002FCE5F /* RemoteFeedLoader.swift */; };
		EEE5CC8B2993290300C21C52 /* HTTPClient.swift in Sources */ = {isa = PBXBuildFile; fileRef = EEBC6F42296F072700C390E0 /* HTTPClient.swift */; };
		EEE5CC8C2993290600C21C52 /* FeedItemsMapper.swift in Sources */ = {isa = PBXBuildFile; fileRef = EEBC6F44296F07B900C390E0 /* FeedItemsMapper.swift */; };
		EEE5CC8D2993290900C21C52 /* URLSessionHTTPClient.swift in Sources */ = {isa = PBXBuildFile; fileRef = EE2E47AC2982D0570032D169 /* URLSessionHTTPClient.swift */; };
		EEE5CC8E2993290E00C21C52 /* FeedLoader.swift in Sources */ = {isa = PBXBuildFile; fileRef = EE2C06C02950CD4B002FCE5F /* FeedLoader.swift */; };
		EEE5CC8F2993291100C21C52 /* FeedItem.swift in Sources */ = {isa = PBXBuildFile; fileRef = EE2C06C22950CDD5002FCE5F /* FeedItem.swift */; };
		EEE5CC902993291800C21C52 /* RemoteFeedLoaderTests.swift in Sources */ = {isa = PBXBuildFile; fileRef = EE2C06C42950CEB0002FCE5F /* RemoteFeedLoaderTests.swift */; };
		EEE5CC922993291E00C21C52 /* URLSessionHTTPClientTests.swift in Sources */ = {isa = PBXBuildFile; fileRef = EE554A2C2976F08F002F1FE8 /* URLSessionHTTPClientTests.swift */; };
		EEE5CC932993292400C21C52 /* XCTest+MemoryLeakTracking.swift in Sources */ = {isa = PBXBuildFile; fileRef = EE35CBBD297ED14500FD7225 /* XCTest+MemoryLeakTracking.swift */; };
/* End PBXBuildFile section */

/* Begin PBXContainerItemProxy section */
		EEC0B06C29932798002EE347 /* PBXContainerItemProxy */ = {
			isa = PBXContainerItemProxy;
			containerPortal = EE87E414294A1FAA00A783AA /* Project object */;
			proxyType = 1;
			remoteGlobalIDString = EEC0B06029932798002EE347;
			remoteInfo = EssentialFeed;
		};
/* End PBXContainerItemProxy section */

/* Begin PBXFileReference section */
		EE2C06C02950CD4B002FCE5F /* FeedLoader.swift */ = {isa = PBXFileReference; lastKnownFileType = sourcecode.swift; path = FeedLoader.swift; sourceTree = "<group>"; };
		EE2C06C22950CDD5002FCE5F /* FeedItem.swift */ = {isa = PBXFileReference; lastKnownFileType = sourcecode.swift; path = FeedItem.swift; sourceTree = "<group>"; };
		EE2C06C42950CEB0002FCE5F /* RemoteFeedLoaderTests.swift */ = {isa = PBXFileReference; lastKnownFileType = sourcecode.swift; path = RemoteFeedLoaderTests.swift; sourceTree = "<group>"; };
		EE2C06C72952104B002FCE5F /* RemoteFeedLoader.swift */ = {isa = PBXFileReference; lastKnownFileType = sourcecode.swift; path = RemoteFeedLoader.swift; sourceTree = "<group>"; };
		EE2E47AC2982D0570032D169 /* URLSessionHTTPClient.swift */ = {isa = PBXFileReference; lastKnownFileType = sourcecode.swift; path = URLSessionHTTPClient.swift; sourceTree = "<group>"; };
		EE2E47B229895CD60032D169 /* EssentialFeedAPIEndToEndTests.xctest */ = {isa = PBXFileReference; explicitFileType = wrapper.cfbundle; includeInIndex = 0; path = EssentialFeedAPIEndToEndTests.xctest; sourceTree = BUILT_PRODUCTS_DIR; };
		EE2E47B429895CD60032D169 /* EssentialFeedAPIEndToEndTests.swift */ = {isa = PBXFileReference; lastKnownFileType = sourcecode.swift; path = EssentialFeedAPIEndToEndTests.swift; sourceTree = "<group>"; };
		EE35CBBD297ED14500FD7225 /* XCTest+MemoryLeakTracking.swift */ = {isa = PBXFileReference; lastKnownFileType = sourcecode.swift; path = "XCTest+MemoryLeakTracking.swift"; sourceTree = "<group>"; };
		EE554A2C2976F08F002F1FE8 /* URLSessionHTTPClientTests.swift */ = {isa = PBXFileReference; lastKnownFileType = sourcecode.swift; path = URLSessionHTTPClientTests.swift; sourceTree = "<group>"; };
		EEBC6F42296F072700C390E0 /* HTTPClient.swift */ = {isa = PBXFileReference; lastKnownFileType = sourcecode.swift; path = HTTPClient.swift; sourceTree = "<group>"; };
		EEBC6F44296F07B900C390E0 /* FeedItemsMapper.swift */ = {isa = PBXFileReference; lastKnownFileType = sourcecode.swift; path = FeedItemsMapper.swift; sourceTree = "<group>"; };
		EEC0B06129932798002EE347 /* EssentialFeed.framework */ = {isa = PBXFileReference; explicitFileType = wrapper.framework; includeInIndex = 0; path = EssentialFeed.framework; sourceTree = BUILT_PRODUCTS_DIR; };
		EEC0B06429932798002EE347 /* EssentialFeed.docc */ = {isa = PBXFileReference; lastKnownFileType = folder.documentationcatalog; path = EssentialFeed.docc; sourceTree = "<group>"; };
		EEC0B06A29932798002EE347 /* EssentialFeedTests.xctest */ = {isa = PBXFileReference; explicitFileType = wrapper.cfbundle; includeInIndex = 0; path = EssentialFeedTests.xctest; sourceTree = BUILT_PRODUCTS_DIR; };
		EEC0B07129932798002EE347 /* EssentialFeedTests.swift */ = {isa = PBXFileReference; lastKnownFileType = sourcecode.swift; path = EssentialFeedTests.swift; sourceTree = "<group>"; };
/* End PBXFileReference section */

/* Begin PBXFrameworksBuildPhase section */
		EE2E47AF29895CD60032D169 /* Frameworks */ = {
			isa = PBXFrameworksBuildPhase;
			buildActionMask = 2147483647;
			files = (
			);
			runOnlyForDeploymentPostprocessing = 0;
		};
		EEC0B05E29932798002EE347 /* Frameworks */ = {
			isa = PBXFrameworksBuildPhase;
			buildActionMask = 2147483647;
			files = (
			);
			runOnlyForDeploymentPostprocessing = 0;
		};
		EEC0B06729932798002EE347 /* Frameworks */ = {
			isa = PBXFrameworksBuildPhase;
			buildActionMask = 2147483647;
			files = (
				EEC0B06B29932798002EE347 /* EssentialFeed.framework in Frameworks */,
			);
			runOnlyForDeploymentPostprocessing = 0;
		};
/* End PBXFrameworksBuildPhase section */

/* Begin PBXGroup section */
		EE2C06BC2950CB06002FCE5F /* Feed Feature */ = {
			isa = PBXGroup;
			children = (
				EE2C06C02950CD4B002FCE5F /* FeedLoader.swift */,
				EE2C06C22950CDD5002FCE5F /* FeedItem.swift */,
			);
			path = "Feed Feature";
			sourceTree = "<group>";
		};
		EE2C06BD2950CB1D002FCE5F /* Networking */ = {
			isa = PBXGroup;
			children = (
				EE554A2B2976EFD4002F1FE8 /* FeedApi */,
			);
			path = Networking;
			sourceTree = "<group>";
		};
		EE2C06C629521012002FCE5F /* Feed Api */ = {
			isa = PBXGroup;
			children = (
				EE2C06C72952104B002FCE5F /* RemoteFeedLoader.swift */,
				EEBC6F42296F072700C390E0 /* HTTPClient.swift */,
				EEBC6F44296F07B900C390E0 /* FeedItemsMapper.swift */,
				EE2E47AC2982D0570032D169 /* URLSessionHTTPClient.swift */,
			);
			path = "Feed Api";
			sourceTree = "<group>";
		};
		EE2E47B329895CD60032D169 /* EssentialFeedAPIEndToEndTests */ = {
			isa = PBXGroup;
			children = (
				EE2E47B429895CD60032D169 /* EssentialFeedAPIEndToEndTests.swift */,
			);
			path = EssentialFeedAPIEndToEndTests;
			sourceTree = "<group>";
		};
		EE35CBBC297ED0FE00FD7225 /* Helpers */ = {
			isa = PBXGroup;
			children = (
				EE35CBBD297ED14500FD7225 /* XCTest+MemoryLeakTracking.swift */,
			);
			path = Helpers;
			sourceTree = "<group>";
		};
		EE554A2B2976EFD4002F1FE8 /* FeedApi */ = {
			isa = PBXGroup;
			children = (
				EE35CBBC297ED0FE00FD7225 /* Helpers */,
				EE2C06C42950CEB0002FCE5F /* RemoteFeedLoaderTests.swift */,
				EE554A2C2976F08F002F1FE8 /* URLSessionHTTPClientTests.swift */,
			);
			path = FeedApi;
			sourceTree = "<group>";
		};
		EE87E413294A1FAA00A783AA = {
			isa = PBXGroup;
			children = (
				EEC0B06229932798002EE347 /* EssentialFeed */,
				EEC0B07029932798002EE347 /* EssentialFeedTests */,
				EE2E47B329895CD60032D169 /* EssentialFeedAPIEndToEndTests */,
				EE87E41D294A1FAA00A783AA /* Products */,
			);
			sourceTree = "<group>";
		};
		EE87E41D294A1FAA00A783AA /* Products */ = {
			isa = PBXGroup;
			children = (
				EE2E47B229895CD60032D169 /* EssentialFeedAPIEndToEndTests.xctest */,
				EEC0B06129932798002EE347 /* EssentialFeed.framework */,
				EEC0B06A29932798002EE347 /* EssentialFeedTests.xctest */,
			);
			name = Products;
			sourceTree = "<group>";
		};
		EEC0B06229932798002EE347 /* EssentialFeed */ = {
			isa = PBXGroup;
			children = (
				EE2C06C629521012002FCE5F /* Feed Api */,
				EE2C06BC2950CB06002FCE5F /* Feed Feature */,
				EEC0B06429932798002EE347 /* EssentialFeed.docc */,
			);
			path = EssentialFeed;
			sourceTree = "<group>";
		};
		EEC0B07029932798002EE347 /* EssentialFeedTests */ = {
			isa = PBXGroup;
			children = (
				EE2C06BD2950CB1D002FCE5F /* Networking */,
				EEC0B07129932798002EE347 /* EssentialFeedTests.swift */,
			);
			path = EssentialFeedTests;
			sourceTree = "<group>";
		};
/* End PBXGroup section */

/* Begin PBXHeadersBuildPhase section */
		EEC0B05C29932798002EE347 /* Headers */ = {
			isa = PBXHeadersBuildPhase;
			buildActionMask = 2147483647;
			files = (
			);
			runOnlyForDeploymentPostprocessing = 0;
		};
/* End PBXHeadersBuildPhase section */

/* Begin PBXNativeTarget section */
		EE2E47B129895CD60032D169 /* EssentialFeedAPIEndToEndTests */ = {
			isa = PBXNativeTarget;
			buildConfigurationList = EE2E47BA29895CD60032D169 /* Build configuration list for PBXNativeTarget "EssentialFeedAPIEndToEndTests" */;
			buildPhases = (
				EE2E47AE29895CD60032D169 /* Sources */,
				EE2E47AF29895CD60032D169 /* Frameworks */,
				EE2E47B029895CD60032D169 /* Resources */,
			);
			buildRules = (
			);
			dependencies = (
			);
			name = EssentialFeedAPIEndToEndTests;
			productName = EssentialFeedAPIEndToEndTests;
			productReference = EE2E47B229895CD60032D169 /* EssentialFeedAPIEndToEndTests.xctest */;
			productType = "com.apple.product-type.bundle.unit-test";
		};
		EEC0B06029932798002EE347 /* EssentialFeed */ = {
			isa = PBXNativeTarget;
			buildConfigurationList = EEC0B07829932798002EE347 /* Build configuration list for PBXNativeTarget "EssentialFeed" */;
			buildPhases = (
				EEC0B05C29932798002EE347 /* Headers */,
				EEC0B05D29932798002EE347 /* Sources */,
				EEC0B05E29932798002EE347 /* Frameworks */,
				EEC0B05F29932798002EE347 /* Resources */,
			);
			buildRules = (
			);
			dependencies = (
			);
			name = EssentialFeed;
			productName = EssentialFeed;
			productReference = EEC0B06129932798002EE347 /* EssentialFeed.framework */;
			productType = "com.apple.product-type.framework";
		};
		EEC0B06929932798002EE347 /* EssentialFeedTests */ = {
			isa = PBXNativeTarget;
			buildConfigurationList = EEC0B07C29932798002EE347 /* Build configuration list for PBXNativeTarget "EssentialFeedTests" */;
			buildPhases = (
				EEC0B06629932798002EE347 /* Sources */,
				EEC0B06729932798002EE347 /* Frameworks */,
				EEC0B06829932798002EE347 /* Resources */,
			);
			buildRules = (
			);
			dependencies = (
				EEC0B06D29932798002EE347 /* PBXTargetDependency */,
			);
			name = EssentialFeedTests;
			productName = EssentialFeedTests;
			productReference = EEC0B06A29932798002EE347 /* EssentialFeedTests.xctest */;
			productType = "com.apple.product-type.bundle.unit-test";
		};
/* End PBXNativeTarget section */

/* Begin PBXProject section */
		EE87E414294A1FAA00A783AA /* Project object */ = {
			isa = PBXProject;
			attributes = {
				BuildIndependentTargetsInParallel = 1;
				LastSwiftUpdateCheck = 1420;
				LastUpgradeCheck = 1410;
				TargetAttributes = {
					EE2E47B129895CD60032D169 = {
						CreatedOnToolsVersion = 14.2;
					};
					EEC0B06029932798002EE347 = {
						CreatedOnToolsVersion = 14.2;
					};
					EEC0B06929932798002EE347 = {
						CreatedOnToolsVersion = 14.2;
					};
				};
			};
			buildConfigurationList = EE87E417294A1FAA00A783AA /* Build configuration list for PBXProject "EssentialDevCourse" */;
			compatibilityVersion = "Xcode 14.0";
			developmentRegion = en;
			hasScannedForEncodings = 0;
			knownRegions = (
				en,
				Base,
			);
			mainGroup = EE87E413294A1FAA00A783AA;
			productRefGroup = EE87E41D294A1FAA00A783AA /* Products */;
			projectDirPath = "";
			projectRoot = "";
			targets = (
				EEC0B06029932798002EE347 /* EssentialFeed */,
				EEC0B06929932798002EE347 /* EssentialFeedTests */,
				EE2E47B129895CD60032D169 /* EssentialFeedAPIEndToEndTests */,
			);
		};
/* End PBXProject section */

/* Begin PBXResourcesBuildPhase section */
		EE2E47B029895CD60032D169 /* Resources */ = {
			isa = PBXResourcesBuildPhase;
			buildActionMask = 2147483647;
			files = (
			);
			runOnlyForDeploymentPostprocessing = 0;
		};
		EEC0B05F29932798002EE347 /* Resources */ = {
			isa = PBXResourcesBuildPhase;
			buildActionMask = 2147483647;
			files = (
			);
			runOnlyForDeploymentPostprocessing = 0;
		};
		EEC0B06829932798002EE347 /* Resources */ = {
			isa = PBXResourcesBuildPhase;
			buildActionMask = 2147483647;
			files = (
			);
			runOnlyForDeploymentPostprocessing = 0;
		};
/* End PBXResourcesBuildPhase section */

/* Begin PBXSourcesBuildPhase section */
		EE2E47AE29895CD60032D169 /* Sources */ = {
			isa = PBXSourcesBuildPhase;
			buildActionMask = 2147483647;
			files = (
				EEA7C4DE29969682001F6666 /* EssentialFeedAPIEndToEndTests.swift in Sources */,
				EE0CED74299A8497000BB6C0 /* XCTest+MemoryLeakTracking.swift in Sources */,
			);
			runOnlyForDeploymentPostprocessing = 0;
		};
		EEC0B05D29932798002EE347 /* Sources */ = {
			isa = PBXSourcesBuildPhase;
			buildActionMask = 2147483647;
			files = (
				EEE5CC8E2993290E00C21C52 /* FeedLoader.swift in Sources */,
				EEE5CC8A2993290000C21C52 /* RemoteFeedLoader.swift in Sources */,
				EEE5CC8D2993290900C21C52 /* URLSessionHTTPClient.swift in Sources */,
				EEC0B06529932798002EE347 /* EssentialFeed.docc in Sources */,
				EEE5CC8B2993290300C21C52 /* HTTPClient.swift in Sources */,
				EEE5CC8F2993291100C21C52 /* FeedItem.swift in Sources */,
				EEE5CC8C2993290600C21C52 /* FeedItemsMapper.swift in Sources */,
			);
			runOnlyForDeploymentPostprocessing = 0;
		};
		EEC0B06629932798002EE347 /* Sources */ = {
			isa = PBXSourcesBuildPhase;
			buildActionMask = 2147483647;
			files = (
				EEE5CC902993291800C21C52 /* RemoteFeedLoaderTests.swift in Sources */,
				EEE5CC932993292400C21C52 /* XCTest+MemoryLeakTracking.swift in Sources */,
				EEE5CC922993291E00C21C52 /* URLSessionHTTPClientTests.swift in Sources */,
				EEC0B07229932798002EE347 /* EssentialFeedTests.swift in Sources */,
			);
			runOnlyForDeploymentPostprocessing = 0;
		};
/* End PBXSourcesBuildPhase section */

/* Begin PBXTargetDependency section */
		EEC0B06D29932798002EE347 /* PBXTargetDependency */ = {
			isa = PBXTargetDependency;
			target = EEC0B06029932798002EE347 /* EssentialFeed */;
			targetProxy = EEC0B06C29932798002EE347 /* PBXContainerItemProxy */;
		};
/* End PBXTargetDependency section */

/* Begin XCBuildConfiguration section */
		EE2E47B829895CD60032D169 /* Debug */ = {
			isa = XCBuildConfiguration;
			buildSettings = {
				CODE_SIGN_STYLE = Automatic;
				CURRENT_PROJECT_VERSION = 1;
				DEVELOPMENT_TEAM = Z9KH6CV8D9;
				GENERATE_INFOPLIST_FILE = YES;
				MACOSX_DEPLOYMENT_TARGET = 12.4;
				MARKETING_VERSION = 1.0;
				PRODUCT_BUNDLE_IDENTIFIER = com.tanya.EssentialFeedAPIEndToEndTests;
				PRODUCT_NAME = "$(TARGET_NAME)";
				SDKROOT = macosx;
				SWIFT_EMIT_LOC_STRINGS = NO;
				SWIFT_VERSION = 5.0;
			};
			name = Debug;
		};
		EE2E47B929895CD60032D169 /* Release */ = {
			isa = XCBuildConfiguration;
			buildSettings = {
				CODE_SIGN_STYLE = Automatic;
				CURRENT_PROJECT_VERSION = 1;
				DEVELOPMENT_TEAM = Z9KH6CV8D9;
				GENERATE_INFOPLIST_FILE = YES;
				MACOSX_DEPLOYMENT_TARGET = 12.4;
				MARKETING_VERSION = 1.0;
				PRODUCT_BUNDLE_IDENTIFIER = com.tanya.EssentialFeedAPIEndToEndTests;
				PRODUCT_NAME = "$(TARGET_NAME)";
				SDKROOT = macosx;
				SWIFT_EMIT_LOC_STRINGS = NO;
				SWIFT_VERSION = 5.0;
			};
			name = Release;
		};
		EE87E43F294A1FAB00A783AA /* Debug */ = {
			isa = XCBuildConfiguration;
			buildSettings = {
				ALWAYS_SEARCH_USER_PATHS = NO;
				CLANG_ANALYZER_NONNULL = YES;
				CLANG_ANALYZER_NUMBER_OBJECT_CONVERSION = YES_AGGRESSIVE;
				CLANG_CXX_LANGUAGE_STANDARD = "gnu++20";
				CLANG_ENABLE_MODULES = YES;
				CLANG_ENABLE_OBJC_ARC = YES;
				CLANG_ENABLE_OBJC_WEAK = YES;
				CLANG_WARN_BLOCK_CAPTURE_AUTORELEASING = YES;
				CLANG_WARN_BOOL_CONVERSION = YES;
				CLANG_WARN_COMMA = YES;
				CLANG_WARN_CONSTANT_CONVERSION = YES;
				CLANG_WARN_DEPRECATED_OBJC_IMPLEMENTATIONS = YES;
				CLANG_WARN_DIRECT_OBJC_ISA_USAGE = YES_ERROR;
				CLANG_WARN_DOCUMENTATION_COMMENTS = YES;
				CLANG_WARN_EMPTY_BODY = YES;
				CLANG_WARN_ENUM_CONVERSION = YES;
				CLANG_WARN_INFINITE_RECURSION = YES;
				CLANG_WARN_INT_CONVERSION = YES;
				CLANG_WARN_NON_LITERAL_NULL_CONVERSION = YES;
				CLANG_WARN_OBJC_IMPLICIT_RETAIN_SELF = YES;
				CLANG_WARN_OBJC_LITERAL_CONVERSION = YES;
				CLANG_WARN_OBJC_ROOT_CLASS = YES_ERROR;
				CLANG_WARN_QUOTED_INCLUDE_IN_FRAMEWORK_HEADER = YES;
				CLANG_WARN_RANGE_LOOP_ANALYSIS = YES;
				CLANG_WARN_STRICT_PROTOTYPES = YES;
				CLANG_WARN_SUSPICIOUS_MOVE = YES;
				CLANG_WARN_UNGUARDED_AVAILABILITY = YES_AGGRESSIVE;
				CLANG_WARN_UNREACHABLE_CODE = YES;
				CLANG_WARN__DUPLICATE_METHOD_MATCH = YES;
				COPY_PHASE_STRIP = NO;
				DEBUG_INFORMATION_FORMAT = dwarf;
				ENABLE_STRICT_OBJC_MSGSEND = YES;
				ENABLE_TESTABILITY = YES;
				GCC_C_LANGUAGE_STANDARD = gnu11;
				GCC_DYNAMIC_NO_PIC = NO;
				GCC_NO_COMMON_BLOCKS = YES;
				GCC_OPTIMIZATION_LEVEL = 0;
				GCC_PREPROCESSOR_DEFINITIONS = (
					"DEBUG=1",
					"$(inherited)",
				);
				GCC_WARN_64_TO_32_BIT_CONVERSION = YES;
				GCC_WARN_ABOUT_RETURN_TYPE = YES_ERROR;
				GCC_WARN_UNDECLARED_SELECTOR = YES;
				GCC_WARN_UNINITIALIZED_AUTOS = YES_AGGRESSIVE;
				GCC_WARN_UNUSED_FUNCTION = YES;
				GCC_WARN_UNUSED_VARIABLE = YES;
				MACOSX_DEPLOYMENT_TARGET = 13.0;
				MTL_ENABLE_DEBUG_INFO = INCLUDE_SOURCE;
				MTL_FAST_MATH = YES;
				ONLY_ACTIVE_ARCH = YES;
				SWIFT_ACTIVE_COMPILATION_CONDITIONS = DEBUG;
				SWIFT_OPTIMIZATION_LEVEL = "-Onone";
			};
			name = Debug;
		};
		EE87E440294A1FAB00A783AA /* Release */ = {
			isa = XCBuildConfiguration;
			buildSettings = {
				ALWAYS_SEARCH_USER_PATHS = NO;
				CLANG_ANALYZER_NONNULL = YES;
				CLANG_ANALYZER_NUMBER_OBJECT_CONVERSION = YES_AGGRESSIVE;
				CLANG_CXX_LANGUAGE_STANDARD = "gnu++20";
				CLANG_ENABLE_MODULES = YES;
				CLANG_ENABLE_OBJC_ARC = YES;
				CLANG_ENABLE_OBJC_WEAK = YES;
				CLANG_WARN_BLOCK_CAPTURE_AUTORELEASING = YES;
				CLANG_WARN_BOOL_CONVERSION = YES;
				CLANG_WARN_COMMA = YES;
				CLANG_WARN_CONSTANT_CONVERSION = YES;
				CLANG_WARN_DEPRECATED_OBJC_IMPLEMENTATIONS = YES;
				CLANG_WARN_DIRECT_OBJC_ISA_USAGE = YES_ERROR;
				CLANG_WARN_DOCUMENTATION_COMMENTS = YES;
				CLANG_WARN_EMPTY_BODY = YES;
				CLANG_WARN_ENUM_CONVERSION = YES;
				CLANG_WARN_INFINITE_RECURSION = YES;
				CLANG_WARN_INT_CONVERSION = YES;
				CLANG_WARN_NON_LITERAL_NULL_CONVERSION = YES;
				CLANG_WARN_OBJC_IMPLICIT_RETAIN_SELF = YES;
				CLANG_WARN_OBJC_LITERAL_CONVERSION = YES;
				CLANG_WARN_OBJC_ROOT_CLASS = YES_ERROR;
				CLANG_WARN_QUOTED_INCLUDE_IN_FRAMEWORK_HEADER = YES;
				CLANG_WARN_RANGE_LOOP_ANALYSIS = YES;
				CLANG_WARN_STRICT_PROTOTYPES = YES;
				CLANG_WARN_SUSPICIOUS_MOVE = YES;
				CLANG_WARN_UNGUARDED_AVAILABILITY = YES_AGGRESSIVE;
				CLANG_WARN_UNREACHABLE_CODE = YES;
				CLANG_WARN__DUPLICATE_METHOD_MATCH = YES;
				COPY_PHASE_STRIP = NO;
				DEBUG_INFORMATION_FORMAT = "dwarf-with-dsym";
				ENABLE_NS_ASSERTIONS = NO;
				ENABLE_STRICT_OBJC_MSGSEND = YES;
				GCC_C_LANGUAGE_STANDARD = gnu11;
				GCC_NO_COMMON_BLOCKS = YES;
				GCC_WARN_64_TO_32_BIT_CONVERSION = YES;
				GCC_WARN_ABOUT_RETURN_TYPE = YES_ERROR;
				GCC_WARN_UNDECLARED_SELECTOR = YES;
				GCC_WARN_UNINITIALIZED_AUTOS = YES_AGGRESSIVE;
				GCC_WARN_UNUSED_FUNCTION = YES;
				GCC_WARN_UNUSED_VARIABLE = YES;
				MACOSX_DEPLOYMENT_TARGET = 13.0;
				MTL_ENABLE_DEBUG_INFO = NO;
				MTL_FAST_MATH = YES;
				SWIFT_COMPILATION_MODE = wholemodule;
				SWIFT_OPTIMIZATION_LEVEL = "-O";
			};
			name = Release;
		};
		EEC0B07929932798002EE347 /* Debug */ = {
			isa = XCBuildConfiguration;
			buildSettings = {
				CODE_SIGN_STYLE = Automatic;
				COMBINE_HIDPI_IMAGES = YES;
				CURRENT_PROJECT_VERSION = 1;
				DEFINES_MODULE = YES;
				DEVELOPMENT_TEAM = Z9KH6CV8D9;
				DYLIB_COMPATIBILITY_VERSION = 1;
				DYLIB_CURRENT_VERSION = 1;
				DYLIB_INSTALL_NAME_BASE = "@rpath";
				GENERATE_INFOPLIST_FILE = YES;
				INFOPLIST_KEY_NSHumanReadableCopyright = "";
				INSTALL_PATH = "$(LOCAL_LIBRARY_DIR)/Frameworks";
				LD_RUNPATH_SEARCH_PATHS = (
					"$(inherited)",
					"@executable_path/../Frameworks",
					"@loader_path/Frameworks",
				);
				MACOSX_DEPLOYMENT_TARGET = 12.4;
				MARKETING_VERSION = 1.0;
				PRODUCT_BUNDLE_IDENTIFIER = com.tanya.EssentialFeed;
				PRODUCT_NAME = "$(TARGET_NAME:c99extidentifier)";
				SDKROOT = macosx;
				SKIP_INSTALL = YES;
				SWIFT_EMIT_LOC_STRINGS = YES;
				SWIFT_VERSION = 5.0;
				VERSIONING_SYSTEM = "apple-generic";
				VERSION_INFO_PREFIX = "";
			};
			name = Debug;
		};
		EEC0B07A29932798002EE347 /* Release */ = {
			isa = XCBuildConfiguration;
			buildSettings = {
				CODE_SIGN_STYLE = Automatic;
				COMBINE_HIDPI_IMAGES = YES;
				CURRENT_PROJECT_VERSION = 1;
				DEFINES_MODULE = YES;
				DEVELOPMENT_TEAM = Z9KH6CV8D9;
				DYLIB_COMPATIBILITY_VERSION = 1;
				DYLIB_CURRENT_VERSION = 1;
				DYLIB_INSTALL_NAME_BASE = "@rpath";
				GENERATE_INFOPLIST_FILE = YES;
				INFOPLIST_KEY_NSHumanReadableCopyright = "";
				INSTALL_PATH = "$(LOCAL_LIBRARY_DIR)/Frameworks";
				LD_RUNPATH_SEARCH_PATHS = (
					"$(inherited)",
					"@executable_path/../Frameworks",
					"@loader_path/Frameworks",
				);
				MACOSX_DEPLOYMENT_TARGET = 12.4;
				MARKETING_VERSION = 1.0;
				PRODUCT_BUNDLE_IDENTIFIER = com.tanya.EssentialFeed;
				PRODUCT_NAME = "$(TARGET_NAME:c99extidentifier)";
				SDKROOT = macosx;
				SKIP_INSTALL = YES;
				SWIFT_EMIT_LOC_STRINGS = YES;
				SWIFT_VERSION = 5.0;
				VERSIONING_SYSTEM = "apple-generic";
				VERSION_INFO_PREFIX = "";
			};
			name = Release;
		};
		EEC0B07D29932798002EE347 /* Debug */ = {
			isa = XCBuildConfiguration;
			buildSettings = {
				ALWAYS_EMBED_SWIFT_STANDARD_LIBRARIES = YES;
				CODE_SIGN_STYLE = Automatic;
				CURRENT_PROJECT_VERSION = 1;
				DEVELOPMENT_TEAM = Z9KH6CV8D9;
				GENERATE_INFOPLIST_FILE = YES;
				MACOSX_DEPLOYMENT_TARGET = 12.4;
				MARKETING_VERSION = 1.0;
				PRODUCT_BUNDLE_IDENTIFIER = com.tanya.EssentialFeedTests;
				PRODUCT_NAME = "$(TARGET_NAME)";
				SDKROOT = macosx;
				SWIFT_EMIT_LOC_STRINGS = NO;
				SWIFT_VERSION = 5.0;
			};
			name = Debug;
		};
		EEC0B07E29932798002EE347 /* Release */ = {
			isa = XCBuildConfiguration;
			buildSettings = {
				ALWAYS_EMBED_SWIFT_STANDARD_LIBRARIES = YES;
				CODE_SIGN_STYLE = Automatic;
				CURRENT_PROJECT_VERSION = 1;
				DEVELOPMENT_TEAM = Z9KH6CV8D9;
				GENERATE_INFOPLIST_FILE = YES;
				MACOSX_DEPLOYMENT_TARGET = 12.4;
				MARKETING_VERSION = 1.0;
				PRODUCT_BUNDLE_IDENTIFIER = com.tanya.EssentialFeedTests;
				PRODUCT_NAME = "$(TARGET_NAME)";
				SDKROOT = macosx;
				SWIFT_EMIT_LOC_STRINGS = NO;
				SWIFT_VERSION = 5.0;
			};
			name = Release;
		};
/* End XCBuildConfiguration section */

/* Begin XCConfigurationList section */
		EE2E47BA29895CD60032D169 /* Build configuration list for PBXNativeTarget "EssentialFeedAPIEndToEndTests" */ = {
			isa = XCConfigurationList;
			buildConfigurations = (
				EE2E47B829895CD60032D169 /* Debug */,
				EE2E47B929895CD60032D169 /* Release */,
			);
			defaultConfigurationIsVisible = 0;
			defaultConfigurationName = Release;
		};
		EE87E417294A1FAA00A783AA /* Build configuration list for PBXProject "EssentialDevCourse" */ = {
			isa = XCConfigurationList;
			buildConfigurations = (
				EE87E43F294A1FAB00A783AA /* Debug */,
				EE87E440294A1FAB00A783AA /* Release */,
			);
			defaultConfigurationIsVisible = 0;
			defaultConfigurationName = Release;
		};
		EEC0B07829932798002EE347 /* Build configuration list for PBXNativeTarget "EssentialFeed" */ = {
			isa = XCConfigurationList;
			buildConfigurations = (
				EEC0B07929932798002EE347 /* Debug */,
				EEC0B07A29932798002EE347 /* Release */,
			);
			defaultConfigurationIsVisible = 0;
			defaultConfigurationName = Release;
		};
		EEC0B07C29932798002EE347 /* Build configuration list for PBXNativeTarget "EssentialFeedTests" */ = {
			isa = XCConfigurationList;
			buildConfigurations = (
				EEC0B07D29932798002EE347 /* Debug */,
				EEC0B07E29932798002EE347 /* Release */,
			);
			defaultConfigurationIsVisible = 0;
			defaultConfigurationName = Release;
		};
/* End XCConfigurationList section */
	};
	rootObject = EE87E414294A1FAA00A783AA /* Project object */;
}
